
Microsoft Visual Studio Solution File, Format Version 12.00
# Visual Studio 14
VisualStudioVersion = 14.0.25420.1
MinimumVisualStudioVersion = 10.0.40219.1
Project("{FAE04EC0-301F-11D3-BF4B-00C04F79EFBC}") = "Contoso.Api", "Contoso.Api\Contoso.Api.csproj", "{08A79B3D-054D-4AB2-8AAA-36B0E79A5828}"
EndProject
Global
	GlobalSection(SolutionConfigurationPlatforms) = preSolution
		Debug|Any CPU = Debug|Any CPU
		Release|Any CPU = Release|Any CPU
	EndGlobalSection
	GlobalSection(ProjectConfigurationPlatforms) = postSolution
		{08A79B3D-054D-4AB2-8AAA-36B0E79A5828}.Debug|Any CPU.ActiveCfg = Debug|Any CPU
		{08A79B3D-054D-4AB2-8AAA-36B0E79A5828}.Debug|Any CPU.Build.0 = Debug|Any CPU
		{08A79B3D-054D-4AB2-8AAA-36B0E79A5828}.Release|Any CPU.ActiveCfg = Release|Any CPU
		{08A79B3D-054D-4AB2-8AAA-36B0E79A5828}.Release|Any CPU.Build.0 = Release|Any CPU
	EndGlobalSection
	GlobalSection(SolutionProperties) = preSolution
		HideSolutionNode = FALSE
	EndGlobalSection
EndGlobal
